
Microsoft Visual Studio Solution File, Format Version 12.00
# Visual Studio Version 16
VisualStudioVersion = 16.0.30804.86
MinimumVisualStudioVersion = 10.0.40219.1
Project("{9A19103F-16F7-4668-BE54-9A1E7A4F7556}") = "DCP.Application.Async", "src\DCP.Application.Async\DCP.Application.Async.csproj", "{D67AE4C6-3BCF-45BD-86AE-BA0E6A5FC806}"
EndProject
Project("{9A19103F-16F7-4668-BE54-9A1E7A4F7556}") = "DCP.Bootstrapper", "src\DCP.Bootstrapper\DCP.Bootstrapper.csproj", "{09911C33-7C26-4C0C-9884-BCB403BAF84F}"
EndProject
Project("{9A19103F-16F7-4668-BE54-9A1E7A4F7556}") = "DCP.Logic", "src\DCP.Logic\DCP.Logic.csproj", "{C8DA2AAB-5AD0-475F-8093-F6A04F9CFD68}"
EndProject
Project("{FAE04EC0-301F-11D3-BF4B-00C04F79EFBC}") = "DCP.Application.Sync", "src\DCP.Application.Sync\DCP.Application.Sync.csproj", "{6E05217A-336C-4807-9606-27F5BD28D00F}"
EndProject
Global
	GlobalSection(SolutionConfigurationPlatforms) = preSolution
		Debug|Any CPU = Debug|Any CPU
		Release|Any CPU = Release|Any CPU
	EndGlobalSection
	GlobalSection(ProjectConfigurationPlatforms) = postSolution
		{D67AE4C6-3BCF-45BD-86AE-BA0E6A5FC806}.Debug|Any CPU.ActiveCfg = Debug|Any CPU
		{D67AE4C6-3BCF-45BD-86AE-BA0E6A5FC806}.Debug|Any CPU.Build.0 = Debug|Any CPU
		{D67AE4C6-3BCF-45BD-86AE-BA0E6A5FC806}.Release|Any CPU.ActiveCfg = Release|Any CPU
		{D67AE4C6-3BCF-45BD-86AE-BA0E6A5FC806}.Release|Any CPU.Build.0 = Release|Any CPU
		{09911C33-7C26-4C0C-9884-BCB403BAF84F}.Debug|Any CPU.ActiveCfg = Debug|Any CPU
		{09911C33-7C26-4C0C-9884-BCB403BAF84F}.Debug|Any CPU.Build.0 = Debug|Any CPU
		{09911C33-7C26-4C0C-9884-BCB403BAF84F}.Release|Any CPU.ActiveCfg = Release|Any CPU
		{09911C33-7C26-4C0C-9884-BCB403BAF84F}.Release|Any CPU.Build.0 = Release|Any CPU
		{C8DA2AAB-5AD0-475F-8093-F6A04F9CFD68}.Debug|Any CPU.ActiveCfg = Debug|Any CPU
		{C8DA2AAB-5AD0-475F-8093-F6A04F9CFD68}.Debug|Any CPU.Build.0 = Debug|Any CPU
		{C8DA2AAB-5AD0-475F-8093-F6A04F9CFD68}.Release|Any CPU.ActiveCfg = Release|Any CPU
		{C8DA2AAB-5AD0-475F-8093-F6A04F9CFD68}.Release|Any CPU.Build.0 = Release|Any CPU
		{6E05217A-336C-4807-9606-27F5BD28D00F}.Debug|Any CPU.ActiveCfg = Debug|Any CPU
		{6E05217A-336C-4807-9606-27F5BD28D00F}.Debug|Any CPU.Build.0 = Debug|Any CPU
		{6E05217A-336C-4807-9606-27F5BD28D00F}.Release|Any CPU.ActiveCfg = Release|Any CPU
		{6E05217A-336C-4807-9606-27F5BD28D00F}.Release|Any CPU.Build.0 = Release|Any CPU
	EndGlobalSection
	GlobalSection(SolutionProperties) = preSolution
		HideSolutionNode = FALSE
	EndGlobalSection
	GlobalSection(ExtensibilityGlobals) = postSolution
		SolutionGuid = {4C0C497F-F75C-4612-98D8-DE4ACB7136C2}
	EndGlobalSection
EndGlobal
